
Microsoft Visual Studio Solution File, Format Version 12.00
# Visual Studio Version 17
VisualStudioVersion = 17.1.31903.286
MinimumVisualStudioVersion = 10.0.40219.1
Project("{9A19103F-16F7-4668-BE54-9A1E7A4F7556}") = "TryToRoguelike", "TryToRoguelike\TryToRoguelike.csproj", "{B25B1D23-5C41-46D2-8780-62C6C6EFFFCD}"
EndProject
Global
	GlobalSection(SolutionConfigurationPlatforms) = preSolution
		Debug|Any CPU = Debug|Any CPU
		Release|Any CPU = Release|Any CPU
	EndGlobalSection
	GlobalSection(ProjectConfigurationPlatforms) = postSolution
		{B25B1D23-5C41-46D2-8780-62C6C6EFFFCD}.Debug|Any CPU.ActiveCfg = Debug|Any CPU
		{B25B1D23-5C41-46D2-8780-62C6C6EFFFCD}.Debug|Any CPU.Build.0 = Debug|Any CPU
		{B25B1D23-5C41-46D2-8780-62C6C6EFFFCD}.Release|Any CPU.ActiveCfg = Release|Any CPU
		{B25B1D23-5C41-46D2-8780-62C6C6EFFFCD}.Release|Any CPU.Build.0 = Release|Any CPU
	EndGlobalSection
	GlobalSection(SolutionProperties) = preSolution
		HideSolutionNode = FALSE
	EndGlobalSection
	GlobalSection(ExtensibilityGlobals) = postSolution
		SolutionGuid = {1D345157-B89B-430C-B85D-5E3D14FCD5B8}
	EndGlobalSection
EndGlobal
